// !$*UTF8*$!
{
	archiveVersion = 1;
	classes = {
	};
	objectVersion = 50;
	objects = {

/* Begin PBXBuildFile section */
		2F05573F23E86BEC00AD5ACA /* MovieCell.swift in Sources */ = {isa = PBXBuildFile; fileRef = 2F05573E23E86BEC00AD5ACA /* MovieCell.swift */; };
		2F08AC1A23E3CD1D00792BE6 /* AppDelegate.swift in Sources */ = {isa = PBXBuildFile; fileRef = 2F08AC1923E3CD1D00792BE6 /* AppDelegate.swift */; };
		2F08AC1C23E3CD1D00792BE6 /* SceneDelegate.swift in Sources */ = {isa = PBXBuildFile; fileRef = 2F08AC1B23E3CD1D00792BE6 /* SceneDelegate.swift */; };
		2F08AC2123E3CD1D00792BE6 /* Main.storyboard in Resources */ = {isa = PBXBuildFile; fileRef = 2F08AC1F23E3CD1D00792BE6 /* Main.storyboard */; };
		2F08AC2323E3CD2300792BE6 /* Assets.xcassets in Resources */ = {isa = PBXBuildFile; fileRef = 2F08AC2223E3CD2300792BE6 /* Assets.xcassets */; };
		2F08AC2623E3CD2300792BE6 /* LaunchScreen.storyboard in Resources */ = {isa = PBXBuildFile; fileRef = 2F08AC2423E3CD2300792BE6 /* LaunchScreen.storyboard */; };
		2F08AC3123E3CD2400792BE6 /* WatchieTests.swift in Sources */ = {isa = PBXBuildFile; fileRef = 2F08AC3023E3CD2400792BE6 /* WatchieTests.swift */; };
		2F08AC3C23E3CD2400792BE6 /* WatchieUITests.swift in Sources */ = {isa = PBXBuildFile; fileRef = 2F08AC3B23E3CD2400792BE6 /* WatchieUITests.swift */; };
		2F08AC4A23E3CEAB00792BE6 /* MoviesViewController.swift in Sources */ = {isa = PBXBuildFile; fileRef = 2F08AC4923E3CEAB00792BE6 /* MoviesViewController.swift */; };
		32EC9F6AB00CED545776A39D /* Pods_WatchieTests.framework in Frameworks */ = {isa = PBXBuildFile; fileRef = AC386D576364464E9CDA2268 /* Pods_WatchieTests.framework */; };
		3CF0C85A8D50199C7F16340C /* Pods_Watchie.framework in Frameworks */ = {isa = PBXBuildFile; fileRef = 6C3D0B0AB43AE9BE9CEA9BB2 /* Pods_Watchie.framework */; };
		B3B12FB9186141BE39277DEE /* Pods_Watchie_WatchieUITests.framework in Frameworks */ = {isa = PBXBuildFile; fileRef = 8F7605ED20B9C4E3327C1BB8 /* Pods_Watchie_WatchieUITests.framework */; };
/* End PBXBuildFile section */

/* Begin PBXContainerItemProxy section */
		2F08AC2D23E3CD2400792BE6 /* PBXContainerItemProxy */ = {
			isa = PBXContainerItemProxy;
			containerPortal = 2F08AC0E23E3CD1D00792BE6 /* Project object */;
			proxyType = 1;
			remoteGlobalIDString = 2F08AC1523E3CD1D00792BE6;
			remoteInfo = Watchie;
		};
		2F08AC3823E3CD2400792BE6 /* PBXContainerItemProxy */ = {
			isa = PBXContainerItemProxy;
			containerPortal = 2F08AC0E23E3CD1D00792BE6 /* Project object */;
			proxyType = 1;
			remoteGlobalIDString = 2F08AC1523E3CD1D00792BE6;
			remoteInfo = Watchie;
		};
/* End PBXContainerItemProxy section */

/* Begin PBXFileReference section */
		1A15F66F8DB4CB4D75DB5E0B /* Pods-Watchie-WatchieUITests.debug.xcconfig */ = {isa = PBXFileReference; includeInIndex = 1; lastKnownFileType = text.xcconfig; name = "Pods-Watchie-WatchieUITests.debug.xcconfig"; path = "Target Support Files/Pods-Watchie-WatchieUITests/Pods-Watchie-WatchieUITests.debug.xcconfig"; sourceTree = "<group>"; };
		2F05573E23E86BEC00AD5ACA /* MovieCell.swift */ = {isa = PBXFileReference; lastKnownFileType = sourcecode.swift; path = MovieCell.swift; sourceTree = "<group>"; };
		2F08AC1623E3CD1D00792BE6 /* Watchie.app */ = {isa = PBXFileReference; explicitFileType = wrapper.application; includeInIndex = 0; path = Watchie.app; sourceTree = BUILT_PRODUCTS_DIR; };
		2F08AC1923E3CD1D00792BE6 /* AppDelegate.swift */ = {isa = PBXFileReference; lastKnownFileType = sourcecode.swift; path = AppDelegate.swift; sourceTree = "<group>"; };
		2F08AC1B23E3CD1D00792BE6 /* SceneDelegate.swift */ = {isa = PBXFileReference; lastKnownFileType = sourcecode.swift; path = SceneDelegate.swift; sourceTree = "<group>"; };
		2F08AC2023E3CD1D00792BE6 /* Base */ = {isa = PBXFileReference; lastKnownFileType = file.storyboard; name = Base; path = Base.lproj/Main.storyboard; sourceTree = "<group>"; };
		2F08AC2223E3CD2300792BE6 /* Assets.xcassets */ = {isa = PBXFileReference; lastKnownFileType = folder.assetcatalog; path = Assets.xcassets; sourceTree = "<group>"; };
		2F08AC2523E3CD2300792BE6 /* Base */ = {isa = PBXFileReference; lastKnownFileType = file.storyboard; name = Base; path = Base.lproj/LaunchScreen.storyboard; sourceTree = "<group>"; };
		2F08AC2723E3CD2300792BE6 /* Info.plist */ = {isa = PBXFileReference; lastKnownFileType = text.plist.xml; path = Info.plist; sourceTree = "<group>"; };
		2F08AC2C23E3CD2400792BE6 /* WatchieTests.xctest */ = {isa = PBXFileReference; explicitFileType = wrapper.cfbundle; includeInIndex = 0; path = WatchieTests.xctest; sourceTree = BUILT_PRODUCTS_DIR; };
		2F08AC3023E3CD2400792BE6 /* WatchieTests.swift */ = {isa = PBXFileReference; lastKnownFileType = sourcecode.swift; path = WatchieTests.swift; sourceTree = "<group>"; };
		2F08AC3223E3CD2400792BE6 /* Info.plist */ = {isa = PBXFileReference; lastKnownFileType = text.plist.xml; path = Info.plist; sourceTree = "<group>"; };
		2F08AC3723E3CD2400792BE6 /* WatchieUITests.xctest */ = {isa = PBXFileReference; explicitFileType = wrapper.cfbundle; includeInIndex = 0; path = WatchieUITests.xctest; sourceTree = BUILT_PRODUCTS_DIR; };
		2F08AC3B23E3CD2400792BE6 /* WatchieUITests.swift */ = {isa = PBXFileReference; lastKnownFileType = sourcecode.swift; path = WatchieUITests.swift; sourceTree = "<group>"; };
		2F08AC3D23E3CD2400792BE6 /* Info.plist */ = {isa = PBXFileReference; lastKnownFileType = text.plist.xml; path = Info.plist; sourceTree = "<group>"; };
		2F08AC4923E3CEAB00792BE6 /* MoviesViewController.swift */ = {isa = PBXFileReference; lastKnownFileType = sourcecode.swift; path = MoviesViewController.swift; sourceTree = "<group>"; };
		34642DD12A895832A083F225 /* Pods-WatchieTests.debug.xcconfig */ = {isa = PBXFileReference; includeInIndex = 1; lastKnownFileType = text.xcconfig; name = "Pods-WatchieTests.debug.xcconfig"; path = "Target Support Files/Pods-WatchieTests/Pods-WatchieTests.debug.xcconfig"; sourceTree = "<group>"; };
		6B531FF327AB35B1FFAA7B24 /* Pods-Watchie.debug.xcconfig */ = {isa = PBXFileReference; includeInIndex = 1; lastKnownFileType = text.xcconfig; name = "Pods-Watchie.debug.xcconfig"; path = "Target Support Files/Pods-Watchie/Pods-Watchie.debug.xcconfig"; sourceTree = "<group>"; };
		6C3D0B0AB43AE9BE9CEA9BB2 /* Pods_Watchie.framework */ = {isa = PBXFileReference; explicitFileType = wrapper.framework; includeInIndex = 0; path = Pods_Watchie.framework; sourceTree = BUILT_PRODUCTS_DIR; };
		82A74F305A992C246E487332 /* Pods-WatchieTests.release.xcconfig */ = {isa = PBXFileReference; includeInIndex = 1; lastKnownFileType = text.xcconfig; name = "Pods-WatchieTests.release.xcconfig"; path = "Target Support Files/Pods-WatchieTests/Pods-WatchieTests.release.xcconfig"; sourceTree = "<group>"; };
		8F7605ED20B9C4E3327C1BB8 /* Pods_Watchie_WatchieUITests.framework */ = {isa = PBXFileReference; explicitFileType = wrapper.framework; includeInIndex = 0; path = Pods_Watchie_WatchieUITests.framework; sourceTree = BUILT_PRODUCTS_DIR; };
		AA264A376BE400DF62719630 /* Pods-Watchie.release.xcconfig */ = {isa = PBXFileReference; includeInIndex = 1; lastKnownFileType = text.xcconfig; name = "Pods-Watchie.release.xcconfig"; path = "Target Support Files/Pods-Watchie/Pods-Watchie.release.xcconfig"; sourceTree = "<group>"; };
		AA75D47EBEAE98ACF18743A9 /* Pods-Watchie-WatchieUITests.release.xcconfig */ = {isa = PBXFileReference; includeInIndex = 1; lastKnownFileType = text.xcconfig; name = "Pods-Watchie-WatchieUITests.release.xcconfig"; path = "Target Support Files/Pods-Watchie-WatchieUITests/Pods-Watchie-WatchieUITests.release.xcconfig"; sourceTree = "<group>"; };
		AC386D576364464E9CDA2268 /* Pods_WatchieTests.framework */ = {isa = PBXFileReference; explicitFileType = wrapper.framework; includeInIndex = 0; path = Pods_WatchieTests.framework; sourceTree = BUILT_PRODUCTS_DIR; };
/* End PBXFileReference section */

/* Begin PBXFrameworksBuildPhase section */
		2F08AC1323E3CD1D00792BE6 /* Frameworks */ = {
			isa = PBXFrameworksBuildPhase;
			buildActionMask = 2147483647;
			files = (
				3CF0C85A8D50199C7F16340C /* Pods_Watchie.framework in Frameworks */,
			);
			runOnlyForDeploymentPostprocessing = 0;
		};
		2F08AC2923E3CD2400792BE6 /* Frameworks */ = {
			isa = PBXFrameworksBuildPhase;
			buildActionMask = 2147483647;
			files = (
				32EC9F6AB00CED545776A39D /* Pods_WatchieTests.framework in Frameworks */,
			);
			runOnlyForDeploymentPostprocessing = 0;
		};
		2F08AC3423E3CD2400792BE6 /* Frameworks */ = {
			isa = PBXFrameworksBuildPhase;
			buildActionMask = 2147483647;
			files = (
				B3B12FB9186141BE39277DEE /* Pods_Watchie_WatchieUITests.framework in Frameworks */,
			);
			runOnlyForDeploymentPostprocessing = 0;
		};
/* End PBXFrameworksBuildPhase section */

/* Begin PBXGroup section */
		2F08AC0D23E3CD1D00792BE6 = {
			isa = PBXGroup;
			children = (
				2F08AC1823E3CD1D00792BE6 /* Watchie */,
				2F08AC2F23E3CD2400792BE6 /* WatchieTests */,
				2F08AC3A23E3CD2400792BE6 /* WatchieUITests */,
				2F08AC1723E3CD1D00792BE6 /* Products */,
				8C42BE8648B43774999A22AB /* Pods */,
				8138A911BF5C8EF587F38842 /* Frameworks */,
			);
			sourceTree = "<group>";
		};
		2F08AC1723E3CD1D00792BE6 /* Products */ = {
			isa = PBXGroup;
			children = (
				2F08AC1623E3CD1D00792BE6 /* Watchie.app */,
				2F08AC2C23E3CD2400792BE6 /* WatchieTests.xctest */,
				2F08AC3723E3CD2400792BE6 /* WatchieUITests.xctest */,
			);
			name = Products;
			sourceTree = "<group>";
		};
		2F08AC1823E3CD1D00792BE6 /* Watchie */ = {
			isa = PBXGroup;
			children = (
				2F08AC1923E3CD1D00792BE6 /* AppDelegate.swift */,
				2F08AC1B23E3CD1D00792BE6 /* SceneDelegate.swift */,
				2F08AC4923E3CEAB00792BE6 /* MoviesViewController.swift */,
				2F05573E23E86BEC00AD5ACA /* MovieCell.swift */,
				2F08AC1F23E3CD1D00792BE6 /* Main.storyboard */,
				2F08AC2223E3CD2300792BE6 /* Assets.xcassets */,
				2F08AC2423E3CD2300792BE6 /* LaunchScreen.storyboard */,
				2F08AC2723E3CD2300792BE6 /* Info.plist */,
			);
			path = Watchie;
			sourceTree = "<group>";
		};
		2F08AC2F23E3CD2400792BE6 /* WatchieTests */ = {
			isa = PBXGroup;
			children = (
				2F08AC3023E3CD2400792BE6 /* WatchieTests.swift */,
				2F08AC3223E3CD2400792BE6 /* Info.plist */,
			);
			path = WatchieTests;
			sourceTree = "<group>";
		};
		2F08AC3A23E3CD2400792BE6 /* WatchieUITests */ = {
			isa = PBXGroup;
			children = (
				2F08AC3B23E3CD2400792BE6 /* WatchieUITests.swift */,
				2F08AC3D23E3CD2400792BE6 /* Info.plist */,
			);
			path = WatchieUITests;
			sourceTree = "<group>";
		};
		8138A911BF5C8EF587F38842 /* Frameworks */ = {
			isa = PBXGroup;
			children = (
				6C3D0B0AB43AE9BE9CEA9BB2 /* Pods_Watchie.framework */,
				8F7605ED20B9C4E3327C1BB8 /* Pods_Watchie_WatchieUITests.framework */,
				AC386D576364464E9CDA2268 /* Pods_WatchieTests.framework */,
			);
			name = Frameworks;
			sourceTree = "<group>";
		};
		8C42BE8648B43774999A22AB /* Pods */ = {
			isa = PBXGroup;
			children = (
				6B531FF327AB35B1FFAA7B24 /* Pods-Watchie.debug.xcconfig */,
				AA264A376BE400DF62719630 /* Pods-Watchie.release.xcconfig */,
				1A15F66F8DB4CB4D75DB5E0B /* Pods-Watchie-WatchieUITests.debug.xcconfig */,
				AA75D47EBEAE98ACF18743A9 /* Pods-Watchie-WatchieUITests.release.xcconfig */,
				34642DD12A895832A083F225 /* Pods-WatchieTests.debug.xcconfig */,
				82A74F305A992C246E487332 /* Pods-WatchieTests.release.xcconfig */,
			);
			name = Pods;
			path = Pods;
			sourceTree = "<group>";
		};
/* End PBXGroup section */

/* Begin PBXNativeTarget section */
		2F08AC1523E3CD1D00792BE6 /* Watchie */ = {
			isa = PBXNativeTarget;
			buildConfigurationList = 2F08AC4023E3CD2400792BE6 /* Build configuration list for PBXNativeTarget "Watchie" */;
			buildPhases = (
				8EC485773BB27F768553D78E /* [CP] Check Pods Manifest.lock */,
				2F08AC1223E3CD1D00792BE6 /* Sources */,
				2F08AC1323E3CD1D00792BE6 /* Frameworks */,
				2F08AC1423E3CD1D00792BE6 /* Resources */,
				0A6A83288009D407A179C570 /* [CP] Embed Pods Frameworks */,
			);
			buildRules = (
			);
			dependencies = (
			);
			name = Watchie;
			productName = Watchie;
			productReference = 2F08AC1623E3CD1D00792BE6 /* Watchie.app */;
			productType = "com.apple.product-type.application";
		};
		2F08AC2B23E3CD2400792BE6 /* WatchieTests */ = {
			isa = PBXNativeTarget;
			buildConfigurationList = 2F08AC4323E3CD2400792BE6 /* Build configuration list for PBXNativeTarget "WatchieTests" */;
			buildPhases = (
				251F1FF9180B11D36A1CC67B /* [CP] Check Pods Manifest.lock */,
				2F08AC2823E3CD2400792BE6 /* Sources */,
				2F08AC2923E3CD2400792BE6 /* Frameworks */,
				2F08AC2A23E3CD2400792BE6 /* Resources */,
			);
			buildRules = (
			);
			dependencies = (
				2F08AC2E23E3CD2400792BE6 /* PBXTargetDependency */,
			);
			name = WatchieTests;
			productName = WatchieTests;
			productReference = 2F08AC2C23E3CD2400792BE6 /* WatchieTests.xctest */;
			productType = "com.apple.product-type.bundle.unit-test";
		};
		2F08AC3623E3CD2400792BE6 /* WatchieUITests */ = {
			isa = PBXNativeTarget;
			buildConfigurationList = 2F08AC4623E3CD2400792BE6 /* Build configuration list for PBXNativeTarget "WatchieUITests" */;
			buildPhases = (
				E0520AF0E116BBEC0BF3ADE9 /* [CP] Check Pods Manifest.lock */,
				2F08AC3323E3CD2400792BE6 /* Sources */,
				2F08AC3423E3CD2400792BE6 /* Frameworks */,
				2F08AC3523E3CD2400792BE6 /* Resources */,
				D48C6037F8298B4A9EA35B7B /* [CP] Embed Pods Frameworks */,
			);
			buildRules = (
			);
			dependencies = (
				2F08AC3923E3CD2400792BE6 /* PBXTargetDependency */,
			);
			name = WatchieUITests;
			productName = WatchieUITests;
			productReference = 2F08AC3723E3CD2400792BE6 /* WatchieUITests.xctest */;
			productType = "com.apple.product-type.bundle.ui-testing";
		};
/* End PBXNativeTarget section */

/* Begin PBXProject section */
		2F08AC0E23E3CD1D00792BE6 /* Project object */ = {
			isa = PBXProject;
			attributes = {
				LastSwiftUpdateCheck = 1130;
				LastUpgradeCheck = 1130;
				ORGANIZATIONNAME = "Han Nguyen";
				TargetAttributes = {
					2F08AC1523E3CD1D00792BE6 = {
						CreatedOnToolsVersion = 11.3.1;
					};
					2F08AC2B23E3CD2400792BE6 = {
						CreatedOnToolsVersion = 11.3.1;
						TestTargetID = 2F08AC1523E3CD1D00792BE6;
					};
					2F08AC3623E3CD2400792BE6 = {
						CreatedOnToolsVersion = 11.3.1;
						TestTargetID = 2F08AC1523E3CD1D00792BE6;
					};
				};
			};
			buildConfigurationList = 2F08AC1123E3CD1D00792BE6 /* Build configuration list for PBXProject "Watchie" */;
			compatibilityVersion = "Xcode 9.3";
			developmentRegion = en;
			hasScannedForEncodings = 0;
			knownRegions = (
				en,
				Base,
			);
			mainGroup = 2F08AC0D23E3CD1D00792BE6;
			productRefGroup = 2F08AC1723E3CD1D00792BE6 /* Products */;
			projectDirPath = "";
			projectRoot = "";
			targets = (
				2F08AC1523E3CD1D00792BE6 /* Watchie */,
				2F08AC2B23E3CD2400792BE6 /* WatchieTests */,
				2F08AC3623E3CD2400792BE6 /* WatchieUITests */,
			);
		};
/* End PBXProject section */

/* Begin PBXResourcesBuildPhase section */
		2F08AC1423E3CD1D00792BE6 /* Resources */ = {
			isa = PBXResourcesBuildPhase;
			buildActionMask = 2147483647;
			files = (
				2F08AC2623E3CD2300792BE6 /* LaunchScreen.storyboard in Resources */,
				2F08AC2323E3CD2300792BE6 /* Assets.xcassets in Resources */,
				2F08AC2123E3CD1D00792BE6 /* Main.storyboard in Resources */,
			);
			runOnlyForDeploymentPostprocessing = 0;
		};
		2F08AC2A23E3CD2400792BE6 /* Resources */ = {
			isa = PBXResourcesBuildPhase;
			buildActionMask = 2147483647;
			files = (
			);
			runOnlyForDeploymentPostprocessing = 0;
		};
		2F08AC3523E3CD2400792BE6 /* Resources */ = {
			isa = PBXResourcesBuildPhase;
			buildActionMask = 2147483647;
			files = (
			);
			runOnlyForDeploymentPostprocessing = 0;
		};
/* End PBXResourcesBuildPhase section */

/* Begin PBXShellScriptBuildPhase section */
		0A6A83288009D407A179C570 /* [CP] Embed Pods Frameworks */ = {
			isa = PBXShellScriptBuildPhase;
			buildActionMask = 2147483647;
			files = (
			);
			inputFileListPaths = (
				"${PODS_ROOT}/Target Support Files/Pods-Watchie/Pods-Watchie-frameworks-${CONFIGURATION}-input-files.xcfilelist",
			);
			name = "[CP] Embed Pods Frameworks";
			outputFileListPaths = (
				"${PODS_ROOT}/Target Support Files/Pods-Watchie/Pods-Watchie-frameworks-${CONFIGURATION}-output-files.xcfilelist",
			);
			runOnlyForDeploymentPostprocessing = 0;
			shellPath = /bin/sh;
			shellScript = "\"${PODS_ROOT}/Target Support Files/Pods-Watchie/Pods-Watchie-frameworks.sh\"\n";
			showEnvVarsInLog = 0;
		};
		251F1FF9180B11D36A1CC67B /* [CP] Check Pods Manifest.lock */ = {
			isa = PBXShellScriptBuildPhase;
			buildActionMask = 2147483647;
			files = (
			);
			inputFileListPaths = (
			);
			inputPaths = (
				"${PODS_PODFILE_DIR_PATH}/Podfile.lock",
				"${PODS_ROOT}/Manifest.lock",
			);
			name = "[CP] Check Pods Manifest.lock";
			outputFileListPaths = (
			);
			outputPaths = (
				"$(DERIVED_FILE_DIR)/Pods-WatchieTests-checkManifestLockResult.txt",
			);
			runOnlyForDeploymentPostprocessing = 0;
			shellPath = /bin/sh;
			shellScript = "diff \"${PODS_PODFILE_DIR_PATH}/Podfile.lock\" \"${PODS_ROOT}/Manifest.lock\" > /dev/null\nif [ $? != 0 ] ; then\n    # print error to STDERR\n    echo \"error: The sandbox is not in sync with the Podfile.lock. Run 'pod install' or update your CocoaPods installation.\" >&2\n    exit 1\nfi\n# This output is used by Xcode 'outputs' to avoid re-running this script phase.\necho \"SUCCESS\" > \"${SCRIPT_OUTPUT_FILE_0}\"\n";
			showEnvVarsInLog = 0;
		};
		8EC485773BB27F768553D78E /* [CP] Check Pods Manifest.lock */ = {
			isa = PBXShellScriptBuildPhase;
			buildActionMask = 2147483647;
			files = (
			);
			inputFileListPaths = (
			);
			inputPaths = (
				"${PODS_PODFILE_DIR_PATH}/Podfile.lock",
				"${PODS_ROOT}/Manifest.lock",
			);
			name = "[CP] Check Pods Manifest.lock";
			outputFileListPaths = (
			);
			outputPaths = (
				"$(DERIVED_FILE_DIR)/Pods-Watchie-checkManifestLockResult.txt",
			);
			runOnlyForDeploymentPostprocessing = 0;
			shellPath = /bin/sh;
			shellScript = "diff \"${PODS_PODFILE_DIR_PATH}/Podfile.lock\" \"${PODS_ROOT}/Manifest.lock\" > /dev/null\nif [ $? != 0 ] ; then\n    # print error to STDERR\n    echo \"error: The sandbox is not in sync with the Podfile.lock. Run 'pod install' or update your CocoaPods installation.\" >&2\n    exit 1\nfi\n# This output is used by Xcode 'outputs' to avoid re-running this script phase.\necho \"SUCCESS\" > \"${SCRIPT_OUTPUT_FILE_0}\"\n";
			showEnvVarsInLog = 0;
		};
		D48C6037F8298B4A9EA35B7B /* [CP] Embed Pods Frameworks */ = {
			isa = PBXShellScriptBuildPhase;
			buildActionMask = 2147483647;
			files = (
			);
			inputFileListPaths = (
				"${PODS_ROOT}/Target Support Files/Pods-Watchie-WatchieUITests/Pods-Watchie-WatchieUITests-frameworks-${CONFIGURATION}-input-files.xcfilelist",
			);
			name = "[CP] Embed Pods Frameworks";
			outputFileListPaths = (
				"${PODS_ROOT}/Target Support Files/Pods-Watchie-WatchieUITests/Pods-Watchie-WatchieUITests-frameworks-${CONFIGURATION}-output-files.xcfilelist",
			);
			runOnlyForDeploymentPostprocessing = 0;
			shellPath = /bin/sh;
			shellScript = "\"${PODS_ROOT}/Target Support Files/Pods-Watchie-WatchieUITests/Pods-Watchie-WatchieUITests-frameworks.sh\"\n";
			showEnvVarsInLog = 0;
		};
		E0520AF0E116BBEC0BF3ADE9 /* [CP] Check Pods Manifest.lock */ = {
			isa = PBXShellScriptBuildPhase;
			buildActionMask = 2147483647;
			files = (
			);
			inputFileListPaths = (
			);
			inputPaths = (
				"${PODS_PODFILE_DIR_PATH}/Podfile.lock",
				"${PODS_ROOT}/Manifest.lock",
			);
			name = "[CP] Check Pods Manifest.lock";
			outputFileListPaths = (
			);
			outputPaths = (
				"$(DERIVED_FILE_DIR)/Pods-Watchie-WatchieUITests-checkManifestLockResult.txt",
			);
			runOnlyForDeploymentPostprocessing = 0;
			shellPath = /bin/sh;
			shellScript = "diff \"${PODS_PODFILE_DIR_PATH}/Podfile.lock\" \"${PODS_ROOT}/Manifest.lock\" > /dev/null\nif [ $? != 0 ] ; then\n    # print error to STDERR\n    echo \"error: The sandbox is not in sync with the Podfile.lock. Run 'pod install' or update your CocoaPods installation.\" >&2\n    exit 1\nfi\n# This output is used by Xcode 'outputs' to avoid re-running this script phase.\necho \"SUCCESS\" > \"${SCRIPT_OUTPUT_FILE_0}\"\n";
			showEnvVarsInLog = 0;
		};
/* End PBXShellScriptBuildPhase section */

/* Begin PBXSourcesBuildPhase section */
		2F08AC1223E3CD1D00792BE6 /* Sources */ = {
			isa = PBXSourcesBuildPhase;
			buildActionMask = 2147483647;
			files = (
				2F08AC1A23E3CD1D00792BE6 /* AppDelegate.swift in Sources */,
				2F08AC1C23E3CD1D00792BE6 /* SceneDelegate.swift in Sources */,
				2F05573F23E86BEC00AD5ACA /* MovieCell.swift in Sources */,
				2F08AC4A23E3CEAB00792BE6 /* MoviesViewController.swift in Sources */,
			);
			runOnlyForDeploymentPostprocessing = 0;
		};
		2F08AC2823E3CD2400792BE6 /* Sources */ = {
			isa = PBXSourcesBuildPhase;
			buildActionMask = 2147483647;
			files = (
				2F08AC3123E3CD2400792BE6 /* WatchieTests.swift in Sources */,
			);
			runOnlyForDeploymentPostprocessing = 0;
		};
		2F08AC3323E3CD2400792BE6 /* Sources */ = {
			isa = PBXSourcesBuildPhase;
			buildActionMask = 2147483647;
			files = (
				2F08AC3C23E3CD2400792BE6 /* WatchieUITests.swift in Sources */,
			);
			runOnlyForDeploymentPostprocessing = 0;
		};
/* End PBXSourcesBuildPhase section */

/* Begin PBXTargetDependency section */
		2F08AC2E23E3CD2400792BE6 /* PBXTargetDependency */ = {
			isa = PBXTargetDependency;
			target = 2F08AC1523E3CD1D00792BE6 /* Watchie */;
			targetProxy = 2F08AC2D23E3CD2400792BE6 /* PBXContainerItemProxy */;
		};
		2F08AC3923E3CD2400792BE6 /* PBXTargetDependency */ = {
			isa = PBXTargetDependency;
			target = 2F08AC1523E3CD1D00792BE6 /* Watchie */;
			targetProxy = 2F08AC3823E3CD2400792BE6 /* PBXContainerItemProxy */;
		};
/* End PBXTargetDependency section */

/* Begin PBXVariantGroup section */
		2F08AC1F23E3CD1D00792BE6 /* Main.storyboard */ = {
			isa = PBXVariantGroup;
			children = (
				2F08AC2023E3CD1D00792BE6 /* Base */,
			);
			name = Main.storyboard;
			sourceTree = "<group>";
		};
		2F08AC2423E3CD2300792BE6 /* LaunchScreen.storyboard */ = {
			isa = PBXVariantGroup;
			children = (
				2F08AC2523E3CD2300792BE6 /* Base */,
			);
			name = LaunchScreen.storyboard;
			sourceTree = "<group>";
		};
/* End PBXVariantGroup section */

/* Begin XCBuildConfiguration section */
		2F08AC3E23E3CD2400792BE6 /* Debug */ = {
			isa = XCBuildConfiguration;
			buildSettings = {
				ALWAYS_SEARCH_USER_PATHS = NO;
				CLANG_ANALYZER_NONNULL = YES;
				CLANG_ANALYZER_NUMBER_OBJECT_CONVERSION = YES_AGGRESSIVE;
				CLANG_CXX_LANGUAGE_STANDARD = "gnu++14";
				CLANG_CXX_LIBRARY = "libc++";
				CLANG_ENABLE_MODULES = YES;
				CLANG_ENABLE_OBJC_ARC = YES;
				CLANG_ENABLE_OBJC_WEAK = YES;
				CLANG_WARN_BLOCK_CAPTURE_AUTORELEASING = YES;
				CLANG_WARN_BOOL_CONVERSION = YES;
				CLANG_WARN_COMMA = YES;
				CLANG_WARN_CONSTANT_CONVERSION = YES;
				CLANG_WARN_DEPRECATED_OBJC_IMPLEMENTATIONS = YES;
				CLANG_WARN_DIRECT_OBJC_ISA_USAGE = YES_ERROR;
				CLANG_WARN_DOCUMENTATION_COMMENTS = YES;
				CLANG_WARN_EMPTY_BODY = YES;
				CLANG_WARN_ENUM_CONVERSION = YES;
				CLANG_WARN_INFINITE_RECURSION = YES;
				CLANG_WARN_INT_CONVERSION = YES;
				CLANG_WARN_NON_LITERAL_NULL_CONVERSION = YES;
				CLANG_WARN_OBJC_IMPLICIT_RETAIN_SELF = YES;
				CLANG_WARN_OBJC_LITERAL_CONVERSION = YES;
				CLANG_WARN_OBJC_ROOT_CLASS = YES_ERROR;
				CLANG_WARN_RANGE_LOOP_ANALYSIS = YES;
				CLANG_WARN_STRICT_PROTOTYPES = YES;
				CLANG_WARN_SUSPICIOUS_MOVE = YES;
				CLANG_WARN_UNGUARDED_AVAILABILITY = YES_AGGRESSIVE;
				CLANG_WARN_UNREACHABLE_CODE = YES;
				CLANG_WARN__DUPLICATE_METHOD_MATCH = YES;
				COPY_PHASE_STRIP = NO;
				DEBUG_INFORMATION_FORMAT = dwarf;
				ENABLE_STRICT_OBJC_MSGSEND = YES;
				ENABLE_TESTABILITY = YES;
				GCC_C_LANGUAGE_STANDARD = gnu11;
				GCC_DYNAMIC_NO_PIC = NO;
				GCC_NO_COMMON_BLOCKS = YES;
				GCC_OPTIMIZATION_LEVEL = 0;
				GCC_PREPROCESSOR_DEFINITIONS = (
					"DEBUG=1",
					"$(inherited)",
				);
				GCC_WARN_64_TO_32_BIT_CONVERSION = YES;
				GCC_WARN_ABOUT_RETURN_TYPE = YES_ERROR;
				GCC_WARN_UNDECLARED_SELECTOR = YES;
				GCC_WARN_UNINITIALIZED_AUTOS = YES_AGGRESSIVE;
				GCC_WARN_UNUSED_FUNCTION = YES;
				GCC_WARN_UNUSED_VARIABLE = YES;
				IPHONEOS_DEPLOYMENT_TARGET = 13.2;
				MTL_ENABLE_DEBUG_INFO = INCLUDE_SOURCE;
				MTL_FAST_MATH = YES;
				ONLY_ACTIVE_ARCH = YES;
				SDKROOT = iphoneos;
				SWIFT_ACTIVE_COMPILATION_CONDITIONS = DEBUG;
				SWIFT_OPTIMIZATION_LEVEL = "-Onone";
			};
			name = Debug;
		};
		2F08AC3F23E3CD2400792BE6 /* Release */ = {
			isa = XCBuildConfiguration;
			buildSettings = {
				ALWAYS_SEARCH_USER_PATHS = NO;
				CLANG_ANALYZER_NONNULL = YES;
				CLANG_ANALYZER_NUMBER_OBJECT_CONVERSION = YES_AGGRESSIVE;
				CLANG_CXX_LANGUAGE_STANDARD = "gnu++14";
				CLANG_CXX_LIBRARY = "libc++";
				CLANG_ENABLE_MODULES = YES;
				CLANG_ENABLE_OBJC_ARC = YES;
				CLANG_ENABLE_OBJC_WEAK = YES;
				CLANG_WARN_BLOCK_CAPTURE_AUTORELEASING = YES;
				CLANG_WARN_BOOL_CONVERSION = YES;
				CLANG_WARN_COMMA = YES;
				CLANG_WARN_CONSTANT_CONVERSION = YES;
				CLANG_WARN_DEPRECATED_OBJC_IMPLEMENTATIONS = YES;
				CLANG_WARN_DIRECT_OBJC_ISA_USAGE = YES_ERROR;
				CLANG_WARN_DOCUMENTATION_COMMENTS = YES;
				CLANG_WARN_EMPTY_BODY = YES;
				CLANG_WARN_ENUM_CONVERSION = YES;
				CLANG_WARN_INFINITE_RECURSION = YES;
				CLANG_WARN_INT_CONVERSION = YES;
				CLANG_WARN_NON_LITERAL_NULL_CONVERSION = YES;
				CLANG_WARN_OBJC_IMPLICIT_RETAIN_SELF = YES;
				CLANG_WARN_OBJC_LITERAL_CONVERSION = YES;
				CLANG_WARN_OBJC_ROOT_CLASS = YES_ERROR;
				CLANG_WARN_RANGE_LOOP_ANALYSIS = YES;
				CLANG_WARN_STRICT_PROTOTYPES = YES;
				CLANG_WARN_SUSPICIOUS_MOVE = YES;
				CLANG_WARN_UNGUARDED_AVAILABILITY = YES_AGGRESSIVE;
				CLANG_WARN_UNREACHABLE_CODE = YES;
				CLANG_WARN__DUPLICATE_METHOD_MATCH = YES;
				COPY_PHASE_STRIP = NO;
				DEBUG_INFORMATION_FORMAT = "dwarf-with-dsym";
				ENABLE_NS_ASSERTIONS = NO;
				ENABLE_STRICT_OBJC_MSGSEND = YES;
				GCC_C_LANGUAGE_STANDARD = gnu11;
				GCC_NO_COMMON_BLOCKS = YES;
				GCC_WARN_64_TO_32_BIT_CONVERSION = YES;
				GCC_WARN_ABOUT_RETURN_TYPE = YES_ERROR;
				GCC_WARN_UNDECLARED_SELECTOR = YES;
				GCC_WARN_UNINITIALIZED_AUTOS = YES_AGGRESSIVE;
				GCC_WARN_UNUSED_FUNCTION = YES;
				GCC_WARN_UNUSED_VARIABLE = YES;
				IPHONEOS_DEPLOYMENT_TARGET = 13.2;
				MTL_ENABLE_DEBUG_INFO = NO;
				MTL_FAST_MATH = YES;
				SDKROOT = iphoneos;
				SWIFT_COMPILATION_MODE = wholemodule;
				SWIFT_OPTIMIZATION_LEVEL = "-O";
				VALIDATE_PRODUCT = YES;
			};
			name = Release;
		};
		2F08AC4123E3CD2400792BE6 /* Debug */ = {
			isa = XCBuildConfiguration;
			baseConfigurationReference = 6B531FF327AB35B1FFAA7B24 /* Pods-Watchie.debug.xcconfig */;
			buildSettings = {
				ASSETCATALOG_COMPILER_APPICON_NAME = AppIcon;
				CODE_SIGN_STYLE = Automatic;
				INFOPLIST_FILE = Watchie/Info.plist;
				LD_RUNPATH_SEARCH_PATHS = (
					"$(inherited)",
					"@executable_path/Frameworks",
				);
				PRODUCT_BUNDLE_IDENTIFIER = com.han.Watchie;
				PRODUCT_NAME = "$(TARGET_NAME)";
				SWIFT_VERSION = 5.0;
				TARGETED_DEVICE_FAMILY = "1,2";
			};
			name = Debug;
		};
		2F08AC4223E3CD2400792BE6 /* Release */ = {
			isa = XCBuildConfiguration;
			baseConfigurationReference = AA264A376BE400DF62719630 /* Pods-Watchie.release.xcconfig */;
			buildSettings = {
				ASSETCATALOG_COMPILER_APPICON_NAME = AppIcon;
				CODE_SIGN_STYLE = Automatic;
				INFOPLIST_FILE = Watchie/Info.plist;
				LD_RUNPATH_SEARCH_PATHS = (
					"$(inherited)",
					"@executable_path/Frameworks",
				);
				PRODUCT_BUNDLE_IDENTIFIER = com.han.Watchie;
				PRODUCT_NAME = "$(TARGET_NAME)";
				SWIFT_VERSION = 5.0;
				TARGETED_DEVICE_FAMILY = "1,2";
			};
			name = Release;
		};
		2F08AC4423E3CD2400792BE6 /* Debug */ = {
			isa = XCBuildConfiguration;
			baseConfigurationReference = 34642DD12A895832A083F225 /* Pods-WatchieTests.debug.xcconfig */;
			buildSettings = {
				ALWAYS_EMBED_SWIFT_STANDARD_LIBRARIES = YES;
				BUNDLE_LOADER = "$(TEST_HOST)";
				CODE_SIGN_STYLE = Automatic;
				INFOPLIST_FILE = WatchieTests/Info.plist;
				IPHONEOS_DEPLOYMENT_TARGET = 13.2;
				LD_RUNPATH_SEARCH_PATHS = (
					"$(inherited)",
					"@executable_path/Frameworks",
					"@loader_path/Frameworks",
				);
				PRODUCT_BUNDLE_IDENTIFIER = com.han.WatchieTests;
				PRODUCT_NAME = "$(TARGET_NAME)";
				SWIFT_VERSION = 5.0;
				TARGETED_DEVICE_FAMILY = "1,2";
				TEST_HOST = "$(BUILT_PRODUCTS_DIR)/Watchie.app/Watchie";
			};
			name = Debug;
		};
		2F08AC4523E3CD2400792BE6 /* Release */ = {
			isa = XCBuildConfiguration;
			baseConfigurationReference = 82A74F305A992C246E487332 /* Pods-WatchieTests.release.xcconfig */;
			buildSettings = {
				ALWAYS_EMBED_SWIFT_STANDARD_LIBRARIES = YES;
				BUNDLE_LOADER = "$(TEST_HOST)";
				CODE_SIGN_STYLE = Automatic;
				INFOPLIST_FILE = WatchieTests/Info.plist;
				IPHONEOS_DEPLOYMENT_TARGET = 13.2;
				LD_RUNPATH_SEARCH_PATHS = (
					"$(inherited)",
					"@executable_path/Frameworks",
					"@loader_path/Frameworks",
				);
				PRODUCT_BUNDLE_IDENTIFIER = com.han.WatchieTests;
				PRODUCT_NAME = "$(TARGET_NAME)";
				SWIFT_VERSION = 5.0;
				TARGETED_DEVICE_FAMILY = "1,2";
				TEST_HOST = "$(BUILT_PRODUCTS_DIR)/Watchie.app/Watchie";
			};
			name = Release;
		};
		2F08AC4723E3CD2400792BE6 /* Debug */ = {
			isa = XCBuildConfiguration;
			baseConfigurationReference = 1A15F66F8DB4CB4D75DB5E0B /* Pods-Watchie-WatchieUITests.debug.xcconfig */;
			buildSettings = {
				ALWAYS_EMBED_SWIFT_STANDARD_LIBRARIES = YES;
				CODE_SIGN_STYLE = Automatic;
				INFOPLIST_FILE = WatchieUITests/Info.plist;
				LD_RUNPATH_SEARCH_PATHS = (
					"$(inherited)",
					"@executable_path/Frameworks",
					"@loader_path/Frameworks",
				);
				PRODUCT_BUNDLE_IDENTIFIER = com.han.WatchieUITests;
				PRODUCT_NAME = "$(TARGET_NAME)";
				SWIFT_VERSION = 5.0;
				TARGETED_DEVICE_FAMILY = "1,2";
				TEST_TARGET_NAME = Watchie;
			};
			name = Debug;
		};
		2F08AC4823E3CD2400792BE6 /* Release */ = {
			isa = XCBuildConfiguration;
			baseConfigurationReference = AA75D47EBEAE98ACF18743A9 /* Pods-Watchie-WatchieUITests.release.xcconfig */;
			buildSettings = {
				ALWAYS_EMBED_SWIFT_STANDARD_LIBRARIES = YES;
				CODE_SIGN_STYLE = Automatic;
				INFOPLIST_FILE = WatchieUITests/Info.plist;
				LD_RUNPATH_SEARCH_PATHS = (
					"$(inherited)",
					"@executable_path/Frameworks",
					"@loader_path/Frameworks",
				);
				PRODUCT_BUNDLE_IDENTIFIER = com.han.WatchieUITests;
				PRODUCT_NAME = "$(TARGET_NAME)";
				SWIFT_VERSION = 5.0;
				TARGETED_DEVICE_FAMILY = "1,2";
				TEST_TARGET_NAME = Watchie;
			};
			name = Release;
		};
/* End XCBuildConfiguration section */

/* Begin XCConfigurationList section */
		2F08AC1123E3CD1D00792BE6 /* Build configuration list for PBXProject "Watchie" */ = {
			isa = XCConfigurationList;
			buildConfigurations = (
				2F08AC3E23E3CD2400792BE6 /* Debug */,
				2F08AC3F23E3CD2400792BE6 /* Release */,
			);
			defaultConfigurationIsVisible = 0;
			defaultConfigurationName = Release;
		};
		2F08AC4023E3CD2400792BE6 /* Build configuration list for PBXNativeTarget "Watchie" */ = {
			isa = XCConfigurationList;
			buildConfigurations = (
				2F08AC4123E3CD2400792BE6 /* Debug */,
				2F08AC4223E3CD2400792BE6 /* Release */,
			);
			defaultConfigurationIsVisible = 0;
			defaultConfigurationName = Release;
		};
		2F08AC4323E3CD2400792BE6 /* Build configuration list for PBXNativeTarget "WatchieTests" */ = {
			isa = XCConfigurationList;
			buildConfigurations = (
				2F08AC4423E3CD2400792BE6 /* Debug */,
				2F08AC4523E3CD2400792BE6 /* Release */,
			);
			defaultConfigurationIsVisible = 0;
			defaultConfigurationName = Release;
		};
		2F08AC4623E3CD2400792BE6 /* Build configuration list for PBXNativeTarget "WatchieUITests" */ = {
			isa = XCConfigurationList;
			buildConfigurations = (
				2F08AC4723E3CD2400792BE6 /* Debug */,
				2F08AC4823E3CD2400792BE6 /* Release */,
			);
			defaultConfigurationIsVisible = 0;
			defaultConfigurationName = Release;
		};
/* End XCConfigurationList section */
	};
	rootObject = 2F08AC0E23E3CD1D00792BE6 /* Project object */;
}
